// !$*UTF8*$!
{
	archiveVersion = 1;
	classes = {
	};
	objectVersion = 51;
	objects = {

/* Begin PBXBuildFile section */
		2D24A08524CE84E900D68F82 /* IseeBSJSON.m in Sources */ = {isa = PBXBuildFile; fileRef = 2D24A08324CE84E900D68F82 /* IseeBSJSON.m */; };
		2D388AEB24DCEF7A00360ACC /* Masonry-Info.plist in Resources */ = {isa = PBXBuildFile; fileRef = 2D388AEA24DCEF7A00360ACC /* Masonry-Info.plist */; };
		2D5D43A624E4305D005A3E2F /* IseeHomeTabBarModel.m in Sources */ = {isa = PBXBuildFile; fileRef = 2D5D43A524E4305D005A3E2F /* IseeHomeTabBarModel.m */; };
		2D71658E24E126A400611439 /* IseeAFNetRequest.m in Sources */ = {isa = PBXBuildFile; fileRef = 2D71658D24E126A400611439 /* IseeAFNetRequest.m */; };
		2D71659124E12F9000611439 /* AFAppDotNetAPIClient.m in Sources */ = {isa = PBXBuildFile; fileRef = 2D71658F24E12F9000611439 /* AFAppDotNetAPIClient.m */; };
		2D71659524E13B1500611439 /* IseeHomeModel.m in Sources */ = {isa = PBXBuildFile; fileRef = 2D71659424E13B1500611439 /* IseeHomeModel.m */; };
		2D7B49F124C8900D008DE649 /* IseeBaseViewController.m in Sources */ = {isa = PBXBuildFile; fileRef = 2D7B49EF24C8900D008DE649 /* IseeBaseViewController.m */; };
		2D7B4A1124C89100008DE649 /* NSLayoutConstraint+MASDebugAdditions.m in Sources */ = {isa = PBXBuildFile; fileRef = 2D7B49F824C89100008DE649 /* NSLayoutConstraint+MASDebugAdditions.m */; };
		2D7B4A1224C89100008DE649 /* ViewController+MASAdditions.m in Sources */ = {isa = PBXBuildFile; fileRef = 2D7B4A0124C89100008DE649 /* ViewController+MASAdditions.m */; };
		2D7B4A1324C89100008DE649 /* MASCompositeConstraint.m in Sources */ = {isa = PBXBuildFile; fileRef = 2D7B4A0524C89100008DE649 /* MASCompositeConstraint.m */; };
		2D7B4A1424C89100008DE649 /* MASConstraintMaker.m in Sources */ = {isa = PBXBuildFile; fileRef = 2D7B4A0624C89100008DE649 /* MASConstraintMaker.m */; };
		2D7B4A1524C89100008DE649 /* MASLayoutConstraint.m in Sources */ = {isa = PBXBuildFile; fileRef = 2D7B4A0724C89100008DE649 /* MASLayoutConstraint.m */; };
		2D7B4A1624C89100008DE649 /* NSArray+MASAdditions.m in Sources */ = {isa = PBXBuildFile; fileRef = 2D7B4A0824C89100008DE649 /* NSArray+MASAdditions.m */; };
		2D7B4A1724C89100008DE649 /* View+MASAdditions.m in Sources */ = {isa = PBXBuildFile; fileRef = 2D7B4A0924C89100008DE649 /* View+MASAdditions.m */; };
		2D7B4A1824C89100008DE649 /* MASConstraint.m in Sources */ = {isa = PBXBuildFile; fileRef = 2D7B4A0C24C89100008DE649 /* MASConstraint.m */; };
		2D7B4A1924C89100008DE649 /* MASViewConstraint.m in Sources */ = {isa = PBXBuildFile; fileRef = 2D7B4A0E24C89100008DE649 /* MASViewConstraint.m */; };
		2D7B4A1A24C89100008DE649 /* MASViewAttribute.m in Sources */ = {isa = PBXBuildFile; fileRef = 2D7B4A0F24C89100008DE649 /* MASViewAttribute.m */; };
		2D7B4A1F24C891CE008DE649 /* IseeConfig.m in Sources */ = {isa = PBXBuildFile; fileRef = 2D7B4A1E24C891CE008DE649 /* IseeConfig.m */; };
		2D877B8F24CFBDA900AA2983 /* IseeWebViewController.m in Sources */ = {isa = PBXBuildFile; fileRef = 2D877B8E24CFBDA900AA2983 /* IseeWebViewController.m */; };
		2D877B9324CFC69200AA2983 /* UIViewController+IseeCommon.m in Sources */ = {isa = PBXBuildFile; fileRef = 2D877B9124CFC69200AA2983 /* UIViewController+IseeCommon.m */; };
		2D877B9D24CFD21100AA2983 /* IseeNaviBarView.m in Sources */ = {isa = PBXBuildFile; fileRef = 2D877B9B24CFD21100AA2983 /* IseeNaviBarView.m */; };
		2D877BA024CFD23700AA2983 /* UIView+IseeExtension.m in Sources */ = {isa = PBXBuildFile; fileRef = 2D877B9F24CFD23700AA2983 /* UIView+IseeExtension.m */; };
		2D8B298F24DBA148004EAC27 /* IseeWebHomeTabBar.m in Sources */ = {isa = PBXBuildFile; fileRef = 2D8B298E24DBA148004EAC27 /* IseeWebHomeTabBar.m */; };
		2D8B299B24DBDBBC004EAC27 /* IseeHomeViewController.m in Sources */ = {isa = PBXBuildFile; fileRef = 2D8B299A24DBDBBC004EAC27 /* IseeHomeViewController.m */; };
		2D8B299E24DBDD80004EAC27 /* IseeHomeView.m in Sources */ = {isa = PBXBuildFile; fileRef = 2D8B299C24DBDD80004EAC27 /* IseeHomeView.m */; };
		2D9FFDDE24C9D01800A41353 /* qrcode_flash.png in Resources */ = {isa = PBXBuildFile; fileRef = 2D9FFDD724C9D01800A41353 /* qrcode_flash.png */; };
		2D9FFDDF24C9D01800A41353 /* scanscanBg.png in Resources */ = {isa = PBXBuildFile; fileRef = 2D9FFDD824C9D01800A41353 /* scanscanBg.png */; };
		2D9FFDE024C9D01800A41353 /* qrcode_flash_on.png in Resources */ = {isa = PBXBuildFile; fileRef = 2D9FFDD924C9D01800A41353 /* qrcode_flash_on.png */; };
		2D9FFDE124C9D01800A41353 /* scanLine@3x.png in Resources */ = {isa = PBXBuildFile; fileRef = 2D9FFDDA24C9D01800A41353 /* scanLine@3x.png */; };
		2D9FFDE224C9D01800A41353 /* scanLine@2x.png in Resources */ = {isa = PBXBuildFile; fileRef = 2D9FFDDB24C9D01800A41353 /* scanLine@2x.png */; };
		2D9FFDE324C9D01800A41353 /* IseeScanView.m in Sources */ = {isa = PBXBuildFile; fileRef = 2D9FFDDC24C9D01800A41353 /* IseeScanView.m */; };
		2D9FFDE724C9D2E000A41353 /* CLLocation+IseeSino.m in Sources */ = {isa = PBXBuildFile; fileRef = 2D9FFDE624C9D2E000A41353 /* CLLocation+IseeSino.m */; };
		2DDDE55E24C8490600015C76 /* AppDelegate.m in Sources */ = {isa = PBXBuildFile; fileRef = 2DDDE55D24C8490600015C76 /* AppDelegate.m */; };
		2DDDE56124C8490600015C76 /* SceneDelegate.m in Sources */ = {isa = PBXBuildFile; fileRef = 2DDDE56024C8490600015C76 /* SceneDelegate.m */; };
		2DDDE56424C8490600015C76 /* ViewController.m in Sources */ = {isa = PBXBuildFile; fileRef = 2DDDE56324C8490600015C76 /* ViewController.m */; };
		2DDDE56724C8490600015C76 /* Main.storyboard in Resources */ = {isa = PBXBuildFile; fileRef = 2DDDE56524C8490600015C76 /* Main.storyboard */; };
		2DDDE56924C8490B00015C76 /* Assets.xcassets in Resources */ = {isa = PBXBuildFile; fileRef = 2DDDE56824C8490B00015C76 /* Assets.xcassets */; };
		2DDDE56C24C8490B00015C76 /* LaunchScreen.storyboard in Resources */ = {isa = PBXBuildFile; fileRef = 2DDDE56A24C8490B00015C76 /* LaunchScreen.storyboard */; };
		2DDDE56F24C8490B00015C76 /* main.m in Sources */ = {isa = PBXBuildFile; fileRef = 2DDDE56E24C8490B00015C76 /* main.m */; };
		2DDDE57924C8490C00015C76 /* IseeWebViewTests.m in Sources */ = {isa = PBXBuildFile; fileRef = 2DDDE57824C8490C00015C76 /* IseeWebViewTests.m */; };
		2DDDE58424C8490C00015C76 /* IseeWebViewUITests.m in Sources */ = {isa = PBXBuildFile; fileRef = 2DDDE58324C8490C00015C76 /* IseeWebViewUITests.m */; };
		2DDDE59424C84AD700015C76 /* www in Resources */ = {isa = PBXBuildFile; fileRef = 2DDDE59324C84AD700015C76 /* www */; };
		2DE6470724CDB26D006D970E /* SiriViewController.m in Sources */ = {isa = PBXBuildFile; fileRef = 2DE6470624CDB26D006D970E /* SiriViewController.m */; };
		F4F3D68E484C26CD060C40A3 /* Pods_IseeWebView.framework in Frameworks */ = {isa = PBXBuildFile; fileRef = 037E7265BACB0705ED3260A2 /* Pods_IseeWebView.framework */; };
/* End PBXBuildFile section */

/* Begin PBXContainerItemProxy section */
		2DDDE57524C8490C00015C76 /* PBXContainerItemProxy */ = {
			isa = PBXContainerItemProxy;
			containerPortal = 2DDDE55124C8490600015C76 /* Project object */;
			proxyType = 1;
			remoteGlobalIDString = 2DDDE55824C8490600015C76;
			remoteInfo = IseeWebView;
		};
		2DDDE58024C8490C00015C76 /* PBXContainerItemProxy */ = {
			isa = PBXContainerItemProxy;
			containerPortal = 2DDDE55124C8490600015C76 /* Project object */;
			proxyType = 1;
			remoteGlobalIDString = 2DDDE55824C8490600015C76;
			remoteInfo = IseeWebView;
		};
/* End PBXContainerItemProxy section */

/* Begin PBXFileReference section */
		037E7265BACB0705ED3260A2 /* Pods_IseeWebView.framework */ = {isa = PBXFileReference; explicitFileType = wrapper.framework; includeInIndex = 0; path = Pods_IseeWebView.framework; sourceTree = BUILT_PRODUCTS_DIR; };
		2D24A08324CE84E900D68F82 /* IseeBSJSON.m */ = {isa = PBXFileReference; fileEncoding = 4; lastKnownFileType = sourcecode.c.objc; path = IseeBSJSON.m; sourceTree = "<group>"; };
		2D24A08424CE84E900D68F82 /* IseeBSJSON.h */ = {isa = PBXFileReference; fileEncoding = 4; lastKnownFileType = sourcecode.c.h; path = IseeBSJSON.h; sourceTree = "<group>"; };
		2D388AEA24DCEF7A00360ACC /* Masonry-Info.plist */ = {isa = PBXFileReference; fileEncoding = 4; lastKnownFileType = text.plist.xml; path = "Masonry-Info.plist"; sourceTree = "<group>"; };
		2D5D43A424E4305D005A3E2F /* IseeHomeTabBarModel.h */ = {isa = PBXFileReference; lastKnownFileType = sourcecode.c.h; path = IseeHomeTabBarModel.h; sourceTree = "<group>"; };
		2D5D43A524E4305D005A3E2F /* IseeHomeTabBarModel.m */ = {isa = PBXFileReference; lastKnownFileType = sourcecode.c.objc; path = IseeHomeTabBarModel.m; sourceTree = "<group>"; };
		2D71658C24E126A400611439 /* IseeAFNetRequest.h */ = {isa = PBXFileReference; fileEncoding = 4; lastKnownFileType = sourcecode.c.h; path = IseeAFNetRequest.h; sourceTree = "<group>"; };
		2D71658D24E126A400611439 /* IseeAFNetRequest.m */ = {isa = PBXFileReference; fileEncoding = 4; lastKnownFileType = sourcecode.c.objc; path = IseeAFNetRequest.m; sourceTree = "<group>"; };
		2D71658F24E12F9000611439 /* AFAppDotNetAPIClient.m */ = {isa = PBXFileReference; fileEncoding = 4; lastKnownFileType = sourcecode.c.objc; path = AFAppDotNetAPIClient.m; sourceTree = "<group>"; };
		2D71659024E12F9000611439 /* AFAppDotNetAPIClient.h */ = {isa = PBXFileReference; fileEncoding = 4; lastKnownFileType = sourcecode.c.h; path = AFAppDotNetAPIClient.h; sourceTree = "<group>"; };
		2D71659324E13B1500611439 /* IseeHomeModel.h */ = {isa = PBXFileReference; lastKnownFileType = sourcecode.c.h; path = IseeHomeModel.h; sourceTree = "<group>"; };
		2D71659424E13B1500611439 /* IseeHomeModel.m */ = {isa = PBXFileReference; lastKnownFileType = sourcecode.c.objc; path = IseeHomeModel.m; sourceTree = "<group>"; };
		2D7B49EF24C8900D008DE649 /* IseeBaseViewController.m */ = {isa = PBXFileReference; fileEncoding = 4; lastKnownFileType = sourcecode.c.objc; path = IseeBaseViewController.m; sourceTree = "<group>"; };
		2D7B49F024C8900D008DE649 /* IseeBaseViewController.h */ = {isa = PBXFileReference; fileEncoding = 4; lastKnownFileType = sourcecode.c.h; path = IseeBaseViewController.h; sourceTree = "<group>"; };
		2D7B49F724C89100008DE649 /* MASCompositeConstraint.h */ = {isa = PBXFileReference; fileEncoding = 4; lastKnownFileType = sourcecode.c.h; path = MASCompositeConstraint.h; sourceTree = "<group>"; };
		2D7B49F824C89100008DE649 /* NSLayoutConstraint+MASDebugAdditions.m */ = {isa = PBXFileReference; fileEncoding = 4; lastKnownFileType = sourcecode.c.objc; path = "NSLayoutConstraint+MASDebugAdditions.m"; sourceTree = "<group>"; };
		2D7B49F924C89100008DE649 /* MASConstraint+Private.h */ = {isa = PBXFileReference; fileEncoding = 4; lastKnownFileType = sourcecode.c.h; path = "MASConstraint+Private.h"; sourceTree = "<group>"; };
		2D7B49FA24C89100008DE649 /* MASLayoutConstraint.h */ = {isa = PBXFileReference; fileEncoding = 4; lastKnownFileType = sourcecode.c.h; path = MASLayoutConstraint.h; sourceTree = "<group>"; };
		2D7B49FB24C89100008DE649 /* NSArray+MASShorthandAdditions.h */ = {isa = PBXFileReference; fileEncoding = 4; lastKnownFileType = sourcecode.c.h; path = "NSArray+MASShorthandAdditions.h"; sourceTree = "<group>"; };
		2D7B49FC24C89100008DE649 /* MASConstraintMaker.h */ = {isa = PBXFileReference; fileEncoding = 4; lastKnownFileType = sourcecode.c.h; path = MASConstraintMaker.h; sourceTree = "<group>"; };
		2D7B49FD24C89100008DE649 /* View+MASAdditions.h */ = {isa = PBXFileReference; fileEncoding = 4; lastKnownFileType = sourcecode.c.h; path = "View+MASAdditions.h"; sourceTree = "<group>"; };
		2D7B49FE24C89100008DE649 /* NSArray+MASAdditions.h */ = {isa = PBXFileReference; fileEncoding = 4; lastKnownFileType = sourcecode.c.h; path = "NSArray+MASAdditions.h"; sourceTree = "<group>"; };
		2D7B49FF24C89100008DE649 /* MASUtilities.h */ = {isa = PBXFileReference; fileEncoding = 4; lastKnownFileType = sourcecode.c.h; path = MASUtilities.h; sourceTree = "<group>"; };
		2D7B4A0024C89100008DE649 /* MASViewAttribute.h */ = {isa = PBXFileReference; fileEncoding = 4; lastKnownFileType = sourcecode.c.h; path = MASViewAttribute.h; sourceTree = "<group>"; };
		2D7B4A0124C89100008DE649 /* ViewController+MASAdditions.m */ = {isa = PBXFileReference; fileEncoding = 4; lastKnownFileType = sourcecode.c.objc; path = "ViewController+MASAdditions.m"; sourceTree = "<group>"; };
		2D7B4A0224C89100008DE649 /* MASViewConstraint.h */ = {isa = PBXFileReference; fileEncoding = 4; lastKnownFileType = sourcecode.c.h; path = MASViewConstraint.h; sourceTree = "<group>"; };
		2D7B4A0324C89100008DE649 /* MASConstraint.h */ = {isa = PBXFileReference; fileEncoding = 4; lastKnownFileType = sourcecode.c.h; path = MASConstraint.h; sourceTree = "<group>"; };
		2D7B4A0424C89100008DE649 /* NSLayoutConstraint+MASDebugAdditions.h */ = {isa = PBXFileReference; fileEncoding = 4; lastKnownFileType = sourcecode.c.h; path = "NSLayoutConstraint+MASDebugAdditions.h"; sourceTree = "<group>"; };
		2D7B4A0524C89100008DE649 /* MASCompositeConstraint.m */ = {isa = PBXFileReference; fileEncoding = 4; lastKnownFileType = sourcecode.c.objc; path = MASCompositeConstraint.m; sourceTree = "<group>"; };
		2D7B4A0624C89100008DE649 /* MASConstraintMaker.m */ = {isa = PBXFileReference; fileEncoding = 4; lastKnownFileType = sourcecode.c.objc; path = MASConstraintMaker.m; sourceTree = "<group>"; };
		2D7B4A0724C89100008DE649 /* MASLayoutConstraint.m */ = {isa = PBXFileReference; fileEncoding = 4; lastKnownFileType = sourcecode.c.objc; path = MASLayoutConstraint.m; sourceTree = "<group>"; };
		2D7B4A0824C89100008DE649 /* NSArray+MASAdditions.m */ = {isa = PBXFileReference; fileEncoding = 4; lastKnownFileType = sourcecode.c.objc; path = "NSArray+MASAdditions.m"; sourceTree = "<group>"; };
		2D7B4A0924C89100008DE649 /* View+MASAdditions.m */ = {isa = PBXFileReference; fileEncoding = 4; lastKnownFileType = sourcecode.c.objc; path = "View+MASAdditions.m"; sourceTree = "<group>"; };
		2D7B4A0A24C89100008DE649 /* View+MASShorthandAdditions.h */ = {isa = PBXFileReference; fileEncoding = 4; lastKnownFileType = sourcecode.c.h; path = "View+MASShorthandAdditions.h"; sourceTree = "<group>"; };
		2D7B4A0B24C89100008DE649 /* Masonry.h */ = {isa = PBXFileReference; fileEncoding = 4; lastKnownFileType = sourcecode.c.h; path = Masonry.h; sourceTree = "<group>"; };
		2D7B4A0C24C89100008DE649 /* MASConstraint.m */ = {isa = PBXFileReference; fileEncoding = 4; lastKnownFileType = sourcecode.c.objc; path = MASConstraint.m; sourceTree = "<group>"; };
		2D7B4A0D24C89100008DE649 /* ViewController+MASAdditions.h */ = {isa = PBXFileReference; fileEncoding = 4; lastKnownFileType = sourcecode.c.h; path = "ViewController+MASAdditions.h"; sourceTree = "<group>"; };
		2D7B4A0E24C89100008DE649 /* MASViewConstraint.m */ = {isa = PBXFileReference; fileEncoding = 4; lastKnownFileType = sourcecode.c.objc; path = MASViewConstraint.m; sourceTree = "<group>"; };
		2D7B4A0F24C89100008DE649 /* MASViewAttribute.m */ = {isa = PBXFileReference; fileEncoding = 4; lastKnownFileType = sourcecode.c.objc; path = MASViewAttribute.m; sourceTree = "<group>"; };
		2D7B4A1D24C891CE008DE649 /* IseeConfig.h */ = {isa = PBXFileReference; fileEncoding = 4; lastKnownFileType = sourcecode.c.h; path = IseeConfig.h; sourceTree = "<group>"; };
		2D7B4A1E24C891CE008DE649 /* IseeConfig.m */ = {isa = PBXFileReference; fileEncoding = 4; lastKnownFileType = sourcecode.c.objc; path = IseeConfig.m; sourceTree = "<group>"; };
		2D877B8D24CFBDA900AA2983 /* IseeWebViewController.h */ = {isa = PBXFileReference; lastKnownFileType = sourcecode.c.h; path = IseeWebViewController.h; sourceTree = "<group>"; };
		2D877B8E24CFBDA900AA2983 /* IseeWebViewController.m */ = {isa = PBXFileReference; lastKnownFileType = sourcecode.c.objc; path = IseeWebViewController.m; sourceTree = "<group>"; };
		2D877B9124CFC69200AA2983 /* UIViewController+IseeCommon.m */ = {isa = PBXFileReference; fileEncoding = 4; lastKnownFileType = sourcecode.c.objc; path = "UIViewController+IseeCommon.m"; sourceTree = "<group>"; };
		2D877B9224CFC69200AA2983 /* UIViewController+IseeCommon.h */ = {isa = PBXFileReference; fileEncoding = 4; lastKnownFileType = sourcecode.c.h; path = "UIViewController+IseeCommon.h"; sourceTree = "<group>"; };
		2D877B9924CFD21100AA2983 /* IseeNaviBarView.h */ = {isa = PBXFileReference; fileEncoding = 4; lastKnownFileType = sourcecode.c.h; path = IseeNaviBarView.h; sourceTree = "<group>"; };
		2D877B9B24CFD21100AA2983 /* IseeNaviBarView.m */ = {isa = PBXFileReference; fileEncoding = 4; lastKnownFileType = sourcecode.c.objc; path = IseeNaviBarView.m; sourceTree = "<group>"; };
		2D877B9E24CFD23700AA2983 /* UIView+IseeExtension.h */ = {isa = PBXFileReference; fileEncoding = 4; lastKnownFileType = sourcecode.c.h; path = "UIView+IseeExtension.h"; sourceTree = "<group>"; };
		2D877B9F24CFD23700AA2983 /* UIView+IseeExtension.m */ = {isa = PBXFileReference; fileEncoding = 4; lastKnownFileType = sourcecode.c.objc; path = "UIView+IseeExtension.m"; sourceTree = "<group>"; };
		2D8B298D24DBA148004EAC27 /* IseeWebHomeTabBar.h */ = {isa = PBXFileReference; lastKnownFileType = sourcecode.c.h; path = IseeWebHomeTabBar.h; sourceTree = "<group>"; };
		2D8B298E24DBA148004EAC27 /* IseeWebHomeTabBar.m */ = {isa = PBXFileReference; lastKnownFileType = sourcecode.c.objc; path = IseeWebHomeTabBar.m; sourceTree = "<group>"; };
		2D8B299924DBDBBC004EAC27 /* IseeHomeViewController.h */ = {isa = PBXFileReference; lastKnownFileType = sourcecode.c.h; path = IseeHomeViewController.h; sourceTree = "<group>"; };
		2D8B299A24DBDBBC004EAC27 /* IseeHomeViewController.m */ = {isa = PBXFileReference; lastKnownFileType = sourcecode.c.objc; path = IseeHomeViewController.m; sourceTree = "<group>"; };
		2D8B299C24DBDD80004EAC27 /* IseeHomeView.m */ = {isa = PBXFileReference; fileEncoding = 4; lastKnownFileType = sourcecode.c.objc; name = IseeHomeView.m; path = IseeWebView/Classes/controller/home/homeView/IseeHomeView.m; sourceTree = SOURCE_ROOT; };
		2D8B299D24DBDD80004EAC27 /* IseeHomeView.h */ = {isa = PBXFileReference; fileEncoding = 4; lastKnownFileType = sourcecode.c.h; name = IseeHomeView.h; path = IseeWebView/Classes/controller/home/homeView/IseeHomeView.h; sourceTree = SOURCE_ROOT; };
		2D9FFDD724C9D01800A41353 /* qrcode_flash.png */ = {isa = PBXFileReference; lastKnownFileType = image.png; path = qrcode_flash.png; sourceTree = "<group>"; };
		2D9FFDD824C9D01800A41353 /* scanscanBg.png */ = {isa = PBXFileReference; lastKnownFileType = image.png; path = scanscanBg.png; sourceTree = "<group>"; };
		2D9FFDD924C9D01800A41353 /* qrcode_flash_on.png */ = {isa = PBXFileReference; lastKnownFileType = image.png; path = qrcode_flash_on.png; sourceTree = "<group>"; };
		2D9FFDDA24C9D01800A41353 /* scanLine@3x.png */ = {isa = PBXFileReference; lastKnownFileType = image.png; path = "scanLine@3x.png"; sourceTree = "<group>"; };
		2D9FFDDB24C9D01800A41353 /* scanLine@2x.png */ = {isa = PBXFileReference; lastKnownFileType = image.png; path = "scanLine@2x.png"; sourceTree = "<group>"; };
		2D9FFDDC24C9D01800A41353 /* IseeScanView.m */ = {isa = PBXFileReference; fileEncoding = 4; lastKnownFileType = sourcecode.c.objc; path = IseeScanView.m; sourceTree = "<group>"; };
		2D9FFDDD24C9D01800A41353 /* IseeScanView.h */ = {isa = PBXFileReference; fileEncoding = 4; lastKnownFileType = sourcecode.c.h; path = IseeScanView.h; sourceTree = "<group>"; };
		2D9FFDE524C9D2E000A41353 /* CLLocation+IseeSino.h */ = {isa = PBXFileReference; fileEncoding = 4; lastKnownFileType = sourcecode.c.h; path = "CLLocation+IseeSino.h"; sourceTree = "<group>"; };
		2D9FFDE624C9D2E000A41353 /* CLLocation+IseeSino.m */ = {isa = PBXFileReference; fileEncoding = 4; lastKnownFileType = sourcecode.c.objc; path = "CLLocation+IseeSino.m"; sourceTree = "<group>"; };
		2DDDE55924C8490600015C76 /* IseeWebView.app */ = {isa = PBXFileReference; explicitFileType = wrapper.application; includeInIndex = 0; path = IseeWebView.app; sourceTree = BUILT_PRODUCTS_DIR; };
		2DDDE55C24C8490600015C76 /* AppDelegate.h */ = {isa = PBXFileReference; lastKnownFileType = sourcecode.c.h; path = AppDelegate.h; sourceTree = "<group>"; };
		2DDDE55D24C8490600015C76 /* AppDelegate.m */ = {isa = PBXFileReference; lastKnownFileType = sourcecode.c.objc; path = AppDelegate.m; sourceTree = "<group>"; };
		2DDDE55F24C8490600015C76 /* SceneDelegate.h */ = {isa = PBXFileReference; lastKnownFileType = sourcecode.c.h; path = SceneDelegate.h; sourceTree = "<group>"; };
		2DDDE56024C8490600015C76 /* SceneDelegate.m */ = {isa = PBXFileReference; lastKnownFileType = sourcecode.c.objc; path = SceneDelegate.m; sourceTree = "<group>"; };
		2DDDE56224C8490600015C76 /* ViewController.h */ = {isa = PBXFileReference; lastKnownFileType = sourcecode.c.h; path = ViewController.h; sourceTree = "<group>"; };
		2DDDE56324C8490600015C76 /* ViewController.m */ = {isa = PBXFileReference; lastKnownFileType = sourcecode.c.objc; path = ViewController.m; sourceTree = "<group>"; };
		2DDDE56624C8490600015C76 /* Base */ = {isa = PBXFileReference; lastKnownFileType = file.storyboard; name = Base; path = Base.lproj/Main.storyboard; sourceTree = "<group>"; };
		2DDDE56824C8490B00015C76 /* Assets.xcassets */ = {isa = PBXFileReference; lastKnownFileType = folder.assetcatalog; path = Assets.xcassets; sourceTree = "<group>"; };
		2DDDE56B24C8490B00015C76 /* Base */ = {isa = PBXFileReference; lastKnownFileType = file.storyboard; name = Base; path = Base.lproj/LaunchScreen.storyboard; sourceTree = "<group>"; };
		2DDDE56D24C8490B00015C76 /* Info.plist */ = {isa = PBXFileReference; lastKnownFileType = text.plist.xml; path = Info.plist; sourceTree = "<group>"; };
		2DDDE56E24C8490B00015C76 /* main.m */ = {isa = PBXFileReference; lastKnownFileType = sourcecode.c.objc; path = main.m; sourceTree = "<group>"; };
		2DDDE57424C8490C00015C76 /* IseeWebViewTests.xctest */ = {isa = PBXFileReference; explicitFileType = wrapper.cfbundle; includeInIndex = 0; path = IseeWebViewTests.xctest; sourceTree = BUILT_PRODUCTS_DIR; };
		2DDDE57824C8490C00015C76 /* IseeWebViewTests.m */ = {isa = PBXFileReference; lastKnownFileType = sourcecode.c.objc; path = IseeWebViewTests.m; sourceTree = "<group>"; };
		2DDDE57A24C8490C00015C76 /* Info.plist */ = {isa = PBXFileReference; lastKnownFileType = text.plist.xml; path = Info.plist; sourceTree = "<group>"; };
		2DDDE57F24C8490C00015C76 /* IseeWebViewUITests.xctest */ = {isa = PBXFileReference; explicitFileType = wrapper.cfbundle; includeInIndex = 0; path = IseeWebViewUITests.xctest; sourceTree = BUILT_PRODUCTS_DIR; };
		2DDDE58324C8490C00015C76 /* IseeWebViewUITests.m */ = {isa = PBXFileReference; lastKnownFileType = sourcecode.c.objc; path = IseeWebViewUITests.m; sourceTree = "<group>"; };
		2DDDE58524C8490C00015C76 /* Info.plist */ = {isa = PBXFileReference; lastKnownFileType = text.plist.xml; path = Info.plist; sourceTree = "<group>"; };
		2DDDE59324C84AD700015C76 /* www */ = {isa = PBXFileReference; lastKnownFileType = folder; path = www; sourceTree = "<group>"; };
		2DE6470524CDB26D006D970E /* SiriViewController.h */ = {isa = PBXFileReference; lastKnownFileType = sourcecode.c.h; path = SiriViewController.h; sourceTree = "<group>"; };
		2DE6470624CDB26D006D970E /* SiriViewController.m */ = {isa = PBXFileReference; lastKnownFileType = sourcecode.c.objc; path = SiriViewController.m; sourceTree = "<group>"; };
		7F965D0A247FB20BAC5F7D21 /* Pods-IseeWebView.debug.xcconfig */ = {isa = PBXFileReference; includeInIndex = 1; lastKnownFileType = text.xcconfig; name = "Pods-IseeWebView.debug.xcconfig"; path = "Target Support Files/Pods-IseeWebView/Pods-IseeWebView.debug.xcconfig"; sourceTree = "<group>"; };
		81A5D1673E6604272F3DE849 /* Pods-IseeWebView.release.xcconfig */ = {isa = PBXFileReference; includeInIndex = 1; lastKnownFileType = text.xcconfig; name = "Pods-IseeWebView.release.xcconfig"; path = "Target Support Files/Pods-IseeWebView/Pods-IseeWebView.release.xcconfig"; sourceTree = "<group>"; };
/* End PBXFileReference section */

/* Begin PBXFrameworksBuildPhase section */
		2DDDE55624C8490600015C76 /* Frameworks */ = {
			isa = PBXFrameworksBuildPhase;
			buildActionMask = 2147483647;
			files = (
				F4F3D68E484C26CD060C40A3 /* Pods_IseeWebView.framework in Frameworks */,
			);
			runOnlyForDeploymentPostprocessing = 0;
		};
		2DDDE57124C8490C00015C76 /* Frameworks */ = {
			isa = PBXFrameworksBuildPhase;
			buildActionMask = 2147483647;
			files = (
			);
			runOnlyForDeploymentPostprocessing = 0;
		};
		2DDDE57C24C8490C00015C76 /* Frameworks */ = {
			isa = PBXFrameworksBuildPhase;
			buildActionMask = 2147483647;
			files = (
			);
			runOnlyForDeploymentPostprocessing = 0;
		};
/* End PBXFrameworksBuildPhase section */

/* Begin PBXGroup section */
		2214863F97A59DD89A41A654 /* Frameworks */ = {
			isa = PBXGroup;
			children = (
				037E7265BACB0705ED3260A2 /* Pods_IseeWebView.framework */,
			);
			name = Frameworks;
			sourceTree = "<group>";
		};
		2D24A08224CE84E900D68F82 /* BEJSON */ = {
			isa = PBXGroup;
			children = (
				2D24A08324CE84E900D68F82 /* IseeBSJSON.m */,
				2D24A08424CE84E900D68F82 /* IseeBSJSON.h */,
			);
			path = BEJSON;
			sourceTree = "<group>";
		};
		2D71658824E1267A00611439 /* DataAccess */ = {
			isa = PBXGroup;
			children = (
				2D71659024E12F9000611439 /* AFAppDotNetAPIClient.h */,
				2D71658F24E12F9000611439 /* AFAppDotNetAPIClient.m */,
				2D71658C24E126A400611439 /* IseeAFNetRequest.h */,
				2D71658D24E126A400611439 /* IseeAFNetRequest.m */,
			);
			path = DataAccess;
			sourceTree = "<group>";
		};
		2D71659224E13AF800611439 /* homeModel */ = {
			isa = PBXGroup;
			children = (
				2D71659324E13B1500611439 /* IseeHomeModel.h */,
				2D71659424E13B1500611439 /* IseeHomeModel.m */,
			);
			path = homeModel;
			sourceTree = "<group>";
		};
		2D7B49B624C88F45008DE649 /* Classes */ = {
			isa = PBXGroup;
			children = (
				2D71658824E1267A00611439 /* DataAccess */,
				2D8B298C24DBA122004EAC27 /* controller */,
				2D877B9724CFD21100AA2983 /* navgation */,
				2D877B9024CFC69200AA2983 /* Catelogy */,
				2D24A08224CE84E900D68F82 /* BEJSON */,
				2D9FFDE424C9D2E000A41353 /* CLLocation+Sino */,
				2D9FFDD524C9D01800A41353 /* scan */,
				2D7B4A1C24C891CE008DE649 /* config */,
				2D7B49F624C89100008DE649 /* masonry */,
				2D7B49EE24C8900D008DE649 /* Base */,
			);
			path = Classes;
			sourceTree = "<group>";
		};
		2D7B49EE24C8900D008DE649 /* Base */ = {
			isa = PBXGroup;
			children = (
				2D7B49F024C8900D008DE649 /* IseeBaseViewController.h */,
				2D7B49EF24C8900D008DE649 /* IseeBaseViewController.m */,
			);
			path = Base;
			sourceTree = "<group>";
		};
		2D7B49F624C89100008DE649 /* masonry */ = {
			isa = PBXGroup;
			children = (
				2D388AEA24DCEF7A00360ACC /* Masonry-Info.plist */,
				2D7B49F724C89100008DE649 /* MASCompositeConstraint.h */,
				2D7B49F824C89100008DE649 /* NSLayoutConstraint+MASDebugAdditions.m */,
				2D7B49F924C89100008DE649 /* MASConstraint+Private.h */,
				2D7B49FA24C89100008DE649 /* MASLayoutConstraint.h */,
				2D7B49FB24C89100008DE649 /* NSArray+MASShorthandAdditions.h */,
				2D7B49FC24C89100008DE649 /* MASConstraintMaker.h */,
				2D7B49FD24C89100008DE649 /* View+MASAdditions.h */,
				2D7B49FE24C89100008DE649 /* NSArray+MASAdditions.h */,
				2D7B49FF24C89100008DE649 /* MASUtilities.h */,
				2D7B4A0024C89100008DE649 /* MASViewAttribute.h */,
				2D7B4A0124C89100008DE649 /* ViewController+MASAdditions.m */,
				2D7B4A0224C89100008DE649 /* MASViewConstraint.h */,
				2D7B4A0324C89100008DE649 /* MASConstraint.h */,
				2D7B4A0424C89100008DE649 /* NSLayoutConstraint+MASDebugAdditions.h */,
				2D7B4A0524C89100008DE649 /* MASCompositeConstraint.m */,
				2D7B4A0624C89100008DE649 /* MASConstraintMaker.m */,
				2D7B4A0724C89100008DE649 /* MASLayoutConstraint.m */,
				2D7B4A0824C89100008DE649 /* NSArray+MASAdditions.m */,
				2D7B4A0924C89100008DE649 /* View+MASAdditions.m */,
				2D7B4A0A24C89100008DE649 /* View+MASShorthandAdditions.h */,
				2D7B4A0B24C89100008DE649 /* Masonry.h */,
				2D7B4A0C24C89100008DE649 /* MASConstraint.m */,
				2D7B4A0D24C89100008DE649 /* ViewController+MASAdditions.h */,
				2D7B4A0E24C89100008DE649 /* MASViewConstraint.m */,
				2D7B4A0F24C89100008DE649 /* MASViewAttribute.m */,
			);
			path = masonry;
			sourceTree = "<group>";
		};
		2D7B4A1C24C891CE008DE649 /* config */ = {
			isa = PBXGroup;
			children = (
				2D7B4A1D24C891CE008DE649 /* IseeConfig.h */,
				2D7B4A1E24C891CE008DE649 /* IseeConfig.m */,
			);
			path = config;
			sourceTree = "<group>";
		};
		2D877B9024CFC69200AA2983 /* Catelogy */ = {
			isa = PBXGroup;
			children = (
				2D877B9E24CFD23700AA2983 /* UIView+IseeExtension.h */,
				2D877B9F24CFD23700AA2983 /* UIView+IseeExtension.m */,
				2D877B9124CFC69200AA2983 /* UIViewController+IseeCommon.m */,
				2D877B9224CFC69200AA2983 /* UIViewController+IseeCommon.h */,
			);
			path = Catelogy;
			sourceTree = "<group>";
		};
		2D877B9724CFD21100AA2983 /* navgation */ = {
			isa = PBXGroup;
			children = (
				2D877B9924CFD21100AA2983 /* IseeNaviBarView.h */,
				2D877B9B24CFD21100AA2983 /* IseeNaviBarView.m */,
			);
			path = navgation;
			sourceTree = "<group>";
		};
		2D8B298C24DBA122004EAC27 /* controller */ = {
			isa = PBXGroup;
			children = (
				2D8B299824DBD99C004EAC27 /* home */,
				2D877B8D24CFBDA900AA2983 /* IseeWebViewController.h */,
				2D877B8E24CFBDA900AA2983 /* IseeWebViewController.m */,
				2D8B298D24DBA148004EAC27 /* IseeWebHomeTabBar.h */,
				2D8B298E24DBA148004EAC27 /* IseeWebHomeTabBar.m */,
				2D5D43A424E4305D005A3E2F /* IseeHomeTabBarModel.h */,
				2D5D43A524E4305D005A3E2F /* IseeHomeTabBarModel.m */,
			);
			path = controller;
			sourceTree = "<group>";
		};
		2D8B299424DBD966004EAC27 /* homeView */ = {
			isa = PBXGroup;
			children = (
				2D8B299D24DBDD80004EAC27 /* IseeHomeView.h */,
				2D8B299C24DBDD80004EAC27 /* IseeHomeView.m */,
			);
			name = homeView;
			path = "../New Group/homeView";
			sourceTree = "<group>";
		};
		2D8B299824DBD99C004EAC27 /* home */ = {
			isa = PBXGroup;
			children = (
				2D71659224E13AF800611439 /* homeModel */,
				2D8B299424DBD966004EAC27 /* homeView */,
				2D8B299924DBDBBC004EAC27 /* IseeHomeViewController.h */,
				2D8B299A24DBDBBC004EAC27 /* IseeHomeViewController.m */,
			);
			path = home;
			sourceTree = "<group>";
		};
		2D9FFDD524C9D01800A41353 /* scan */ = {
			isa = PBXGroup;
			children = (
				2D9FFDD624C9D01800A41353 /* scanImg */,
				2D9FFDDC24C9D01800A41353 /* IseeScanView.m */,
				2D9FFDDD24C9D01800A41353 /* IseeScanView.h */,
			);
			path = scan;
			sourceTree = "<group>";
		};
		2D9FFDD624C9D01800A41353 /* scanImg */ = {
			isa = PBXGroup;
			children = (
				2D9FFDD724C9D01800A41353 /* qrcode_flash.png */,
				2D9FFDD824C9D01800A41353 /* scanscanBg.png */,
				2D9FFDD924C9D01800A41353 /* qrcode_flash_on.png */,
				2D9FFDDA24C9D01800A41353 /* scanLine@3x.png */,
				2D9FFDDB24C9D01800A41353 /* scanLine@2x.png */,
			);
			path = scanImg;
			sourceTree = "<group>";
		};
		2D9FFDE424C9D2E000A41353 /* CLLocation+Sino */ = {
			isa = PBXGroup;
			children = (
				2D9FFDE524C9D2E000A41353 /* CLLocation+IseeSino.h */,
				2D9FFDE624C9D2E000A41353 /* CLLocation+IseeSino.m */,
			);
			path = "CLLocation+Sino";
			sourceTree = "<group>";
		};
		2DDDE55024C8490600015C76 = {
			isa = PBXGroup;
			children = (
				2DDDE59324C84AD700015C76 /* www */,
				2DDDE55B24C8490600015C76 /* IseeWebView */,
				2DDDE57724C8490C00015C76 /* IseeWebViewTests */,
				2DDDE58224C8490C00015C76 /* IseeWebViewUITests */,
				2DDDE55A24C8490600015C76 /* Products */,
				63989AD9B1626D0205A98EB9 /* Pods */,
				2214863F97A59DD89A41A654 /* Frameworks */,
			);
			sourceTree = "<group>";
		};
		2DDDE55A24C8490600015C76 /* Products */ = {
			isa = PBXGroup;
			children = (
				2DDDE55924C8490600015C76 /* IseeWebView.app */,
				2DDDE57424C8490C00015C76 /* IseeWebViewTests.xctest */,
				2DDDE57F24C8490C00015C76 /* IseeWebViewUITests.xctest */,
			);
			name = Products;
			sourceTree = "<group>";
		};
		2DDDE55B24C8490600015C76 /* IseeWebView */ = {
			isa = PBXGroup;
			children = (
				2D7B49B624C88F45008DE649 /* Classes */,
				2DDDE55C24C8490600015C76 /* AppDelegate.h */,
				2DDDE55D24C8490600015C76 /* AppDelegate.m */,
				2DDDE55F24C8490600015C76 /* SceneDelegate.h */,
				2DDDE56024C8490600015C76 /* SceneDelegate.m */,
				2DDDE56224C8490600015C76 /* ViewController.h */,
				2DDDE56324C8490600015C76 /* ViewController.m */,
				2DDDE56524C8490600015C76 /* Main.storyboard */,
				2DDDE56824C8490B00015C76 /* Assets.xcassets */,
				2DDDE56A24C8490B00015C76 /* LaunchScreen.storyboard */,
				2DDDE56D24C8490B00015C76 /* Info.plist */,
				2DDDE56E24C8490B00015C76 /* main.m */,
				2DE6470524CDB26D006D970E /* SiriViewController.h */,
				2DE6470624CDB26D006D970E /* SiriViewController.m */,
			);
			path = IseeWebView;
			sourceTree = "<group>";
		};
		2DDDE57724C8490C00015C76 /* IseeWebViewTests */ = {
			isa = PBXGroup;
			children = (
				2DDDE57824C8490C00015C76 /* IseeWebViewTests.m */,
				2DDDE57A24C8490C00015C76 /* Info.plist */,
			);
			path = IseeWebViewTests;
			sourceTree = "<group>";
		};
		2DDDE58224C8490C00015C76 /* IseeWebViewUITests */ = {
			isa = PBXGroup;
			children = (
				2DDDE58324C8490C00015C76 /* IseeWebViewUITests.m */,
				2DDDE58524C8490C00015C76 /* Info.plist */,
			);
			path = IseeWebViewUITests;
			sourceTree = "<group>";
		};
		63989AD9B1626D0205A98EB9 /* Pods */ = {
			isa = PBXGroup;
			children = (
				7F965D0A247FB20BAC5F7D21 /* Pods-IseeWebView.debug.xcconfig */,
				81A5D1673E6604272F3DE849 /* Pods-IseeWebView.release.xcconfig */,
			);
			path = Pods;
			sourceTree = "<group>";
		};
/* End PBXGroup section */

/* Begin PBXNativeTarget section */
		2DDDE55824C8490600015C76 /* IseeWebView */ = {
			isa = PBXNativeTarget;
			buildConfigurationList = 2DDDE58824C8490C00015C76 /* Build configuration list for PBXNativeTarget "IseeWebView" */;
			buildPhases = (
				38EFFD598BE0587AB8AA4D71 /* [CP] Check Pods Manifest.lock */,
				2DDDE55524C8490600015C76 /* Sources */,
				2DDDE55624C8490600015C76 /* Frameworks */,
				2DDDE55724C8490600015C76 /* Resources */,
				52248673AFFA9704F6F1B73D /* [CP] Embed Pods Frameworks */,
			);
			buildRules = (
			);
			dependencies = (
			);
			name = IseeWebView;
			productName = IseeWebView;
			productReference = 2DDDE55924C8490600015C76 /* IseeWebView.app */;
			productType = "com.apple.product-type.application";
		};
		2DDDE57324C8490C00015C76 /* IseeWebViewTests */ = {
			isa = PBXNativeTarget;
			buildConfigurationList = 2DDDE58B24C8490C00015C76 /* Build configuration list for PBXNativeTarget "IseeWebViewTests" */;
			buildPhases = (
				2DDDE57024C8490C00015C76 /* Sources */,
				2DDDE57124C8490C00015C76 /* Frameworks */,
				2DDDE57224C8490C00015C76 /* Resources */,
			);
			buildRules = (
			);
			dependencies = (
				2DDDE57624C8490C00015C76 /* PBXTargetDependency */,
			);
			name = IseeWebViewTests;
			productName = IseeWebViewTests;
			productReference = 2DDDE57424C8490C00015C76 /* IseeWebViewTests.xctest */;
			productType = "com.apple.product-type.bundle.unit-test";
		};
		2DDDE57E24C8490C00015C76 /* IseeWebViewUITests */ = {
			isa = PBXNativeTarget;
			buildConfigurationList = 2DDDE58E24C8490C00015C76 /* Build configuration list for PBXNativeTarget "IseeWebViewUITests" */;
			buildPhases = (
				2DDDE57B24C8490C00015C76 /* Sources */,
				2DDDE57C24C8490C00015C76 /* Frameworks */,
				2DDDE57D24C8490C00015C76 /* Resources */,
			);
			buildRules = (
			);
			dependencies = (
				2DDDE58124C8490C00015C76 /* PBXTargetDependency */,
			);
			name = IseeWebViewUITests;
			productName = IseeWebViewUITests;
			productReference = 2DDDE57F24C8490C00015C76 /* IseeWebViewUITests.xctest */;
			productType = "com.apple.product-type.bundle.ui-testing";
		};
/* End PBXNativeTarget section */

/* Begin PBXProject section */
		2DDDE55124C8490600015C76 /* Project object */ = {
			isa = PBXProject;
			attributes = {
				LastUpgradeCheck = 1130;
				ORGANIZATIONNAME = dxzx;
				TargetAttributes = {
					2DDDE55824C8490600015C76 = {
						CreatedOnToolsVersion = 11.3.1;
					};
					2DDDE57324C8490C00015C76 = {
						CreatedOnToolsVersion = 11.3.1;
						TestTargetID = 2DDDE55824C8490600015C76;
					};
					2DDDE57E24C8490C00015C76 = {
						CreatedOnToolsVersion = 11.3.1;
						TestTargetID = 2DDDE55824C8490600015C76;
					};
				};
			};
			buildConfigurationList = 2DDDE55424C8490600015C76 /* Build configuration list for PBXProject "IseeWebView" */;
			compatibilityVersion = "Xcode 9.3";
			developmentRegion = en;
			hasScannedForEncodings = 0;
			knownRegions = (
				en,
				Base,
			);
			mainGroup = 2DDDE55024C8490600015C76;
			productRefGroup = 2DDDE55A24C8490600015C76 /* Products */;
			projectDirPath = "";
			projectRoot = "";
			targets = (
				2DDDE55824C8490600015C76 /* IseeWebView */,
				2DDDE57324C8490C00015C76 /* IseeWebViewTests */,
				2DDDE57E24C8490C00015C76 /* IseeWebViewUITests */,
			);
		};
/* End PBXProject section */

/* Begin PBXResourcesBuildPhase section */
		2DDDE55724C8490600015C76 /* Resources */ = {
			isa = PBXResourcesBuildPhase;
			buildActionMask = 2147483647;
			files = (
				2DDDE59424C84AD700015C76 /* www in Resources */,
				2DDDE56C24C8490B00015C76 /* LaunchScreen.storyboard in Resources */,
				2D9FFDE124C9D01800A41353 /* scanLine@3x.png in Resources */,
				2D9FFDE024C9D01800A41353 /* qrcode_flash_on.png in Resources */,
				2D9FFDDE24C9D01800A41353 /* qrcode_flash.png in Resources */,
				2DDDE56924C8490B00015C76 /* Assets.xcassets in Resources */,
				2D388AEB24DCEF7A00360ACC /* Masonry-Info.plist in Resources */,
				2D9FFDDF24C9D01800A41353 /* scanscanBg.png in Resources */,
				2DDDE56724C8490600015C76 /* Main.storyboard in Resources */,
				2D9FFDE224C9D01800A41353 /* scanLine@2x.png in Resources */,
			);
			runOnlyForDeploymentPostprocessing = 0;
		};
		2DDDE57224C8490C00015C76 /* Resources */ = {
			isa = PBXResourcesBuildPhase;
			buildActionMask = 2147483647;
			files = (
			);
			runOnlyForDeploymentPostprocessing = 0;
		};
		2DDDE57D24C8490C00015C76 /* Resources */ = {
			isa = PBXResourcesBuildPhase;
			buildActionMask = 2147483647;
			files = (
			);
			runOnlyForDeploymentPostprocessing = 0;
		};
/* End PBXResourcesBuildPhase section */

/* Begin PBXShellScriptBuildPhase section */
		38EFFD598BE0587AB8AA4D71 /* [CP] Check Pods Manifest.lock */ = {
			isa = PBXShellScriptBuildPhase;
			buildActionMask = 2147483647;
			files = (
			);
			inputFileListPaths = (
			);
			inputPaths = (
				"${PODS_PODFILE_DIR_PATH}/Podfile.lock",
				"${PODS_ROOT}/Manifest.lock",
			);
			name = "[CP] Check Pods Manifest.lock";
			outputFileListPaths = (
			);
			outputPaths = (
				"$(DERIVED_FILE_DIR)/Pods-IseeWebView-checkManifestLockResult.txt",
			);
			runOnlyForDeploymentPostprocessing = 0;
			shellPath = /bin/sh;
			shellScript = "diff \"${PODS_PODFILE_DIR_PATH}/Podfile.lock\" \"${PODS_ROOT}/Manifest.lock\" > /dev/null\nif [ $? != 0 ] ; then\n    # print error to STDERR\n    echo \"error: The sandbox is not in sync with the Podfile.lock. Run 'pod install' or update your CocoaPods installation.\" >&2\n    exit 1\nfi\n# This output is used by Xcode 'outputs' to avoid re-running this script phase.\necho \"SUCCESS\" > \"${SCRIPT_OUTPUT_FILE_0}\"\n";
			showEnvVarsInLog = 0;
		};
		52248673AFFA9704F6F1B73D /* [CP] Embed Pods Frameworks */ = {
			isa = PBXShellScriptBuildPhase;
			buildActionMask = 2147483647;
			files = (
			);
			inputFileListPaths = (
				"${PODS_ROOT}/Target Support Files/Pods-IseeWebView/Pods-IseeWebView-frameworks-${CONFIGURATION}-input-files.xcfilelist",
			);
			name = "[CP] Embed Pods Frameworks";
			outputFileListPaths = (
				"${PODS_ROOT}/Target Support Files/Pods-IseeWebView/Pods-IseeWebView-frameworks-${CONFIGURATION}-output-files.xcfilelist",
			);
			runOnlyForDeploymentPostprocessing = 0;
			shellPath = /bin/sh;
			shellScript = "\"${PODS_ROOT}/Target Support Files/Pods-IseeWebView/Pods-IseeWebView-frameworks.sh\"\n";
			showEnvVarsInLog = 0;
		};
/* End PBXShellScriptBuildPhase section */

/* Begin PBXSourcesBuildPhase section */
		2DDDE55524C8490600015C76 /* Sources */ = {
			isa = PBXSourcesBuildPhase;
			buildActionMask = 2147483647;
			files = (
				2D24A08524CE84E900D68F82 /* IseeBSJSON.m in Sources */,
				2D7B4A1124C89100008DE649 /* NSLayoutConstraint+MASDebugAdditions.m in Sources */,
				2D877B9D24CFD21100AA2983 /* IseeNaviBarView.m in Sources */,
				2DDDE56424C8490600015C76 /* ViewController.m in Sources */,
				2D7B4A1824C89100008DE649 /* MASConstraint.m in Sources */,
				2D7B4A1924C89100008DE649 /* MASViewConstraint.m in Sources */,
				2D8B299E24DBDD80004EAC27 /* IseeHomeView.m in Sources */,
				2D7B4A1224C89100008DE649 /* ViewController+MASAdditions.m in Sources */,
				2D7B4A1A24C89100008DE649 /* MASViewAttribute.m in Sources */,
				2D7B49F124C8900D008DE649 /* IseeBaseViewController.m in Sources */,
				2D877BA024CFD23700AA2983 /* UIView+IseeExtension.m in Sources */,
				2D9FFDE324C9D01800A41353 /* IseeScanView.m in Sources */,
				2D71658E24E126A400611439 /* IseeAFNetRequest.m in Sources */,
				2D7B4A1F24C891CE008DE649 /* IseeConfig.m in Sources */,
				2D8B298F24DBA148004EAC27 /* IseeWebHomeTabBar.m in Sources */,
				2D7B4A1324C89100008DE649 /* MASCompositeConstraint.m in Sources */,
				2D7B4A1724C89100008DE649 /* View+MASAdditions.m in Sources */,
				2D877B9324CFC69200AA2983 /* UIViewController+IseeCommon.m in Sources */,
				2D877B8F24CFBDA900AA2983 /* IseeWebViewController.m in Sources */,
				2D9FFDE724C9D2E000A41353 /* CLLocation+IseeSino.m in Sources */,
				2D5D43A624E4305D005A3E2F /* IseeHomeTabBarModel.m in Sources */,
				2D71659524E13B1500611439 /* IseeHomeModel.m in Sources */,
				2DDDE55E24C8490600015C76 /* AppDelegate.m in Sources */,
				2D7B4A1524C89100008DE649 /* MASLayoutConstraint.m in Sources */,
				2D7B4A1424C89100008DE649 /* MASConstraintMaker.m in Sources */,
				2DDDE56F24C8490B00015C76 /* main.m in Sources */,
				2DDDE56124C8490600015C76 /* SceneDelegate.m in Sources */,
				2DE6470724CDB26D006D970E /* SiriViewController.m in Sources */,
				2D7B4A1624C89100008DE649 /* NSArray+MASAdditions.m in Sources */,
				2D8B299B24DBDBBC004EAC27 /* IseeHomeViewController.m in Sources */,
				2D71659124E12F9000611439 /* AFAppDotNetAPIClient.m in Sources */,
			);
			runOnlyForDeploymentPostprocessing = 0;
		};
		2DDDE57024C8490C00015C76 /* Sources */ = {
			isa = PBXSourcesBuildPhase;
			buildActionMask = 2147483647;
			files = (
				2DDDE57924C8490C00015C76 /* IseeWebViewTests.m in Sources */,
			);
			runOnlyForDeploymentPostprocessing = 0;
		};
		2DDDE57B24C8490C00015C76 /* Sources */ = {
			isa = PBXSourcesBuildPhase;
			buildActionMask = 2147483647;
			files = (
				2DDDE58424C8490C00015C76 /* IseeWebViewUITests.m in Sources */,
			);
			runOnlyForDeploymentPostprocessing = 0;
		};
/* End PBXSourcesBuildPhase section */

/* Begin PBXTargetDependency section */
		2DDDE57624C8490C00015C76 /* PBXTargetDependency */ = {
			isa = PBXTargetDependency;
			target = 2DDDE55824C8490600015C76 /* IseeWebView */;
			targetProxy = 2DDDE57524C8490C00015C76 /* PBXContainerItemProxy */;
		};
		2DDDE58124C8490C00015C76 /* PBXTargetDependency */ = {
			isa = PBXTargetDependency;
			target = 2DDDE55824C8490600015C76 /* IseeWebView */;
			targetProxy = 2DDDE58024C8490C00015C76 /* PBXContainerItemProxy */;
		};
/* End PBXTargetDependency section */

/* Begin PBXVariantGroup section */
		2DDDE56524C8490600015C76 /* Main.storyboard */ = {
			isa = PBXVariantGroup;
			children = (
				2DDDE56624C8490600015C76 /* Base */,
			);
			name = Main.storyboard;
			sourceTree = "<group>";
		};
		2DDDE56A24C8490B00015C76 /* LaunchScreen.storyboard */ = {
			isa = PBXVariantGroup;
			children = (
				2DDDE56B24C8490B00015C76 /* Base */,
			);
			name = LaunchScreen.storyboard;
			sourceTree = "<group>";
		};
/* End PBXVariantGroup section */

/* Begin XCBuildConfiguration section */
		2DDDE58624C8490C00015C76 /* Debug */ = {
			isa = XCBuildConfiguration;
			buildSettings = {
				ALWAYS_SEARCH_USER_PATHS = NO;
				CLANG_ANALYZER_NONNULL = YES;
				CLANG_ANALYZER_NUMBER_OBJECT_CONVERSION = YES_AGGRESSIVE;
				CLANG_CXX_LANGUAGE_STANDARD = "gnu++14";
				CLANG_CXX_LIBRARY = "libc++";
				CLANG_ENABLE_MODULES = YES;
				CLANG_ENABLE_OBJC_ARC = YES;
				CLANG_ENABLE_OBJC_WEAK = YES;
				CLANG_WARN_BLOCK_CAPTURE_AUTORELEASING = YES;
				CLANG_WARN_BOOL_CONVERSION = YES;
				CLANG_WARN_COMMA = YES;
				CLANG_WARN_CONSTANT_CONVERSION = YES;
				CLANG_WARN_DEPRECATED_OBJC_IMPLEMENTATIONS = YES;
				CLANG_WARN_DIRECT_OBJC_ISA_USAGE = YES_ERROR;
				CLANG_WARN_DOCUMENTATION_COMMENTS = YES;
				CLANG_WARN_EMPTY_BODY = YES;
				CLANG_WARN_ENUM_CONVERSION = YES;
				CLANG_WARN_INFINITE_RECURSION = YES;
				CLANG_WARN_INT_CONVERSION = YES;
				CLANG_WARN_NON_LITERAL_NULL_CONVERSION = YES;
				CLANG_WARN_OBJC_IMPLICIT_RETAIN_SELF = YES;
				CLANG_WARN_OBJC_LITERAL_CONVERSION = YES;
				CLANG_WARN_OBJC_ROOT_CLASS = YES_ERROR;
				CLANG_WARN_RANGE_LOOP_ANALYSIS = YES;
				CLANG_WARN_STRICT_PROTOTYPES = YES;
				CLANG_WARN_SUSPICIOUS_MOVE = YES;
				CLANG_WARN_UNGUARDED_AVAILABILITY = YES_AGGRESSIVE;
				CLANG_WARN_UNREACHABLE_CODE = YES;
				CLANG_WARN__DUPLICATE_METHOD_MATCH = YES;
				COPY_PHASE_STRIP = NO;
				DEBUG_INFORMATION_FORMAT = dwarf;
				ENABLE_STRICT_OBJC_MSGSEND = YES;
				ENABLE_TESTABILITY = YES;
				GCC_C_LANGUAGE_STANDARD = gnu11;
				GCC_DYNAMIC_NO_PIC = NO;
				GCC_NO_COMMON_BLOCKS = YES;
				GCC_OPTIMIZATION_LEVEL = 0;
				GCC_PREPROCESSOR_DEFINITIONS = (
					"DEBUG=1",
					"$(inherited)",
				);
				GCC_WARN_64_TO_32_BIT_CONVERSION = YES;
				GCC_WARN_ABOUT_RETURN_TYPE = YES_ERROR;
				GCC_WARN_UNDECLARED_SELECTOR = YES;
				GCC_WARN_UNINITIALIZED_AUTOS = YES_AGGRESSIVE;
				GCC_WARN_UNUSED_FUNCTION = YES;
				GCC_WARN_UNUSED_VARIABLE = YES;
				IPHONEOS_DEPLOYMENT_TARGET = 13.2;
				MTL_ENABLE_DEBUG_INFO = INCLUDE_SOURCE;
				MTL_FAST_MATH = YES;
				ONLY_ACTIVE_ARCH = YES;
				SDKROOT = iphoneos;
			};
			name = Debug;
		};
		2DDDE58724C8490C00015C76 /* Release */ = {
			isa = XCBuildConfiguration;
			buildSettings = {
				ALWAYS_SEARCH_USER_PATHS = NO;
				CLANG_ANALYZER_NONNULL = YES;
				CLANG_ANALYZER_NUMBER_OBJECT_CONVERSION = YES_AGGRESSIVE;
				CLANG_CXX_LANGUAGE_STANDARD = "gnu++14";
				CLANG_CXX_LIBRARY = "libc++";
				CLANG_ENABLE_MODULES = YES;
				CLANG_ENABLE_OBJC_ARC = YES;
				CLANG_ENABLE_OBJC_WEAK = YES;
				CLANG_WARN_BLOCK_CAPTURE_AUTORELEASING = YES;
				CLANG_WARN_BOOL_CONVERSION = YES;
				CLANG_WARN_COMMA = YES;
				CLANG_WARN_CONSTANT_CONVERSION = YES;
				CLANG_WARN_DEPRECATED_OBJC_IMPLEMENTATIONS = YES;
				CLANG_WARN_DIRECT_OBJC_ISA_USAGE = YES_ERROR;
				CLANG_WARN_DOCUMENTATION_COMMENTS = YES;
				CLANG_WARN_EMPTY_BODY = YES;
				CLANG_WARN_ENUM_CONVERSION = YES;
				CLANG_WARN_INFINITE_RECURSION = YES;
				CLANG_WARN_INT_CONVERSION = YES;
				CLANG_WARN_NON_LITERAL_NULL_CONVERSION = YES;
				CLANG_WARN_OBJC_IMPLICIT_RETAIN_SELF = YES;
				CLANG_WARN_OBJC_LITERAL_CONVERSION = YES;
				CLANG_WARN_OBJC_ROOT_CLASS = YES_ERROR;
				CLANG_WARN_RANGE_LOOP_ANALYSIS = YES;
				CLANG_WARN_STRICT_PROTOTYPES = YES;
				CLANG_WARN_SUSPICIOUS_MOVE = YES;
				CLANG_WARN_UNGUARDED_AVAILABILITY = YES_AGGRESSIVE;
				CLANG_WARN_UNREACHABLE_CODE = YES;
				CLANG_WARN__DUPLICATE_METHOD_MATCH = YES;
				COPY_PHASE_STRIP = NO;
				DEBUG_INFORMATION_FORMAT = "dwarf-with-dsym";
				ENABLE_NS_ASSERTIONS = NO;
				ENABLE_STRICT_OBJC_MSGSEND = YES;
				GCC_C_LANGUAGE_STANDARD = gnu11;
				GCC_NO_COMMON_BLOCKS = YES;
				GCC_WARN_64_TO_32_BIT_CONVERSION = YES;
				GCC_WARN_ABOUT_RETURN_TYPE = YES_ERROR;
				GCC_WARN_UNDECLARED_SELECTOR = YES;
				GCC_WARN_UNINITIALIZED_AUTOS = YES_AGGRESSIVE;
				GCC_WARN_UNUSED_FUNCTION = YES;
				GCC_WARN_UNUSED_VARIABLE = YES;
				IPHONEOS_DEPLOYMENT_TARGET = 13.2;
				MTL_ENABLE_DEBUG_INFO = NO;
				MTL_FAST_MATH = YES;
				SDKROOT = iphoneos;
				VALIDATE_PRODUCT = YES;
			};
			name = Release;
		};
		2DDDE58924C8490C00015C76 /* Debug */ = {
			isa = XCBuildConfiguration;
			baseConfigurationReference = 7F965D0A247FB20BAC5F7D21 /* Pods-IseeWebView.debug.xcconfig */;
			buildSettings = {
				ASSETCATALOG_COMPILER_APPICON_NAME = AppIcon;
				CODE_SIGN_STYLE = Automatic;
				DEVELOPMENT_TEAM = CM8Y5E88F5;
				ENABLE_BITCODE = NO;
				INFOPLIST_FILE = IseeWebView/Info.plist;
				LD_RUNPATH_SEARCH_PATHS = (
					"$(inherited)",
					"@executable_path/Frameworks",
				);
				LIBRARY_SEARCH_PATHS = (
					"$(inherited)",
					"$(PROJECT_DIR)/IseeWebView/Classes/ZBarSDK",
				);
				PRODUCT_BUNDLE_IDENTIFIER = yyl.IseeWebView1;
				PRODUCT_NAME = "$(TARGET_NAME)";
				TARGETED_DEVICE_FAMILY = "1,2";
			};
			name = Debug;
		};
		2DDDE58A24C8490C00015C76 /* Release */ = {
			isa = XCBuildConfiguration;
			baseConfigurationReference = 81A5D1673E6604272F3DE849 /* Pods-IseeWebView.release.xcconfig */;
			buildSettings = {
				ASSETCATALOG_COMPILER_APPICON_NAME = AppIcon;
				CODE_SIGN_STYLE = Automatic;
				DEVELOPMENT_TEAM = CM8Y5E88F5;
				ENABLE_BITCODE = NO;
				INFOPLIST_FILE = IseeWebView/Info.plist;
				LD_RUNPATH_SEARCH_PATHS = (
					"$(inherited)",
					"@executable_path/Frameworks",
				);
				LIBRARY_SEARCH_PATHS = (
					"$(inherited)",
					"$(PROJECT_DIR)/IseeWebView/Classes/ZBarSDK",
				);
				PRODUCT_BUNDLE_IDENTIFIER = yyl.IseeWebView1;
				PRODUCT_NAME = "$(TARGET_NAME)";
				TARGETED_DEVICE_FAMILY = "1,2";
			};
			name = Release;
		};
		2DDDE58C24C8490C00015C76 /* Debug */ = {
			isa = XCBuildConfiguration;
			buildSettings = {
				BUNDLE_LOADER = "$(TEST_HOST)";
				CODE_SIGN_STYLE = Automatic;
				INFOPLIST_FILE = IseeWebViewTests/Info.plist;
				IPHONEOS_DEPLOYMENT_TARGET = 13.2;
				LD_RUNPATH_SEARCH_PATHS = (
					"$(inherited)",
					"@executable_path/Frameworks",
					"@loader_path/Frameworks",
				);
				PRODUCT_BUNDLE_IDENTIFIER = yyl.IseeWebViewTests;
				PRODUCT_NAME = "$(TARGET_NAME)";
				TARGETED_DEVICE_FAMILY = "1,2";
				TEST_HOST = "$(BUILT_PRODUCTS_DIR)/IseeWebView.app/IseeWebView";
			};
			name = Debug;
		};
		2DDDE58D24C8490C00015C76 /* Release */ = {
			isa = XCBuildConfiguration;
			buildSettings = {
				BUNDLE_LOADER = "$(TEST_HOST)";
				CODE_SIGN_STYLE = Automatic;
				INFOPLIST_FILE = IseeWebViewTests/Info.plist;
				IPHONEOS_DEPLOYMENT_TARGET = 13.2;
				LD_RUNPATH_SEARCH_PATHS = (
					"$(inherited)",
					"@executable_path/Frameworks",
					"@loader_path/Frameworks",
				);
				PRODUCT_BUNDLE_IDENTIFIER = yyl.IseeWebViewTests;
				PRODUCT_NAME = "$(TARGET_NAME)";
				TARGETED_DEVICE_FAMILY = "1,2";
				TEST_HOST = "$(BUILT_PRODUCTS_DIR)/IseeWebView.app/IseeWebView";
			};
			name = Release;
		};
		2DDDE58F24C8490C00015C76 /* Debug */ = {
			isa = XCBuildConfiguration;
			buildSettings = {
				CODE_SIGN_STYLE = Automatic;
				INFOPLIST_FILE = IseeWebViewUITests/Info.plist;
				LD_RUNPATH_SEARCH_PATHS = (
					"$(inherited)",
					"@executable_path/Frameworks",
					"@loader_path/Frameworks",
				);
				PRODUCT_BUNDLE_IDENTIFIER = yyl.IseeWebViewUITests;
				PRODUCT_NAME = "$(TARGET_NAME)";
				TARGETED_DEVICE_FAMILY = "1,2";
				TEST_TARGET_NAME = IseeWebView;
			};
			name = Debug;
		};
		2DDDE59024C8490C00015C76 /* Release */ = {
			isa = XCBuildConfiguration;
			buildSettings = {
				CODE_SIGN_STYLE = Automatic;
				INFOPLIST_FILE = IseeWebViewUITests/Info.plist;
				LD_RUNPATH_SEARCH_PATHS = (
					"$(inherited)",
					"@executable_path/Frameworks",
					"@loader_path/Frameworks",
				);
				PRODUCT_BUNDLE_IDENTIFIER = yyl.IseeWebViewUITests;
				PRODUCT_NAME = "$(TARGET_NAME)";
				TARGETED_DEVICE_FAMILY = "1,2";
				TEST_TARGET_NAME = IseeWebView;
			};
			name = Release;
		};
/* End XCBuildConfiguration section */

/* Begin XCConfigurationList section */
		2DDDE55424C8490600015C76 /* Build configuration list for PBXProject "IseeWebView" */ = {
			isa = XCConfigurationList;
			buildConfigurations = (
				2DDDE58624C8490C00015C76 /* Debug */,
				2DDDE58724C8490C00015C76 /* Release */,
			);
			defaultConfigurationIsVisible = 0;
			defaultConfigurationName = Release;
		};
		2DDDE58824C8490C00015C76 /* Build configuration list for PBXNativeTarget "IseeWebView" */ = {
			isa = XCConfigurationList;
			buildConfigurations = (
				2DDDE58924C8490C00015C76 /* Debug */,
				2DDDE58A24C8490C00015C76 /* Release */,
			);
			defaultConfigurationIsVisible = 0;
			defaultConfigurationName = Release;
		};
		2DDDE58B24C8490C00015C76 /* Build configuration list for PBXNativeTarget "IseeWebViewTests" */ = {
			isa = XCConfigurationList;
			buildConfigurations = (
				2DDDE58C24C8490C00015C76 /* Debug */,
				2DDDE58D24C8490C00015C76 /* Release */,
			);
			defaultConfigurationIsVisible = 0;
			defaultConfigurationName = Release;
		};
		2DDDE58E24C8490C00015C76 /* Build configuration list for PBXNativeTarget "IseeWebViewUITests" */ = {
			isa = XCConfigurationList;
			buildConfigurations = (
				2DDDE58F24C8490C00015C76 /* Debug */,
				2DDDE59024C8490C00015C76 /* Release */,
			);
			defaultConfigurationIsVisible = 0;
			defaultConfigurationName = Release;
		};
/* End XCConfigurationList section */
	};
	rootObject = 2DDDE55124C8490600015C76 /* Project object */;
}
